
Microsoft Visual Studio Solution File, Format Version 12.00
# Visual Studio 15
VisualStudioVersion = 15.0.26124.0
MinimumVisualStudioVersion = 15.0.26124.0
Project("{FAE04EC0-301F-11D3-BF4B-00C04F79EFBC}") = "Lockbox.Api", "src\Lockbox.Api\Lockbox.Api.csproj", "{C03022B5-838C-4796-9EB0-45F20161AD04}"
EndProject
Project("{FAE04EC0-301F-11D3-BF4B-00C04F79EFBC}") = "Lockbox.Client", "src\Lockbox.Client\Lockbox.Client.csproj", "{4921C3B8-A4C1-4AC9-BB17-DFB223906738}"
EndProject
Project("{FAE04EC0-301F-11D3-BF4B-00C04F79EFBC}") = "Lockbox.Examples.Api", "src\Lockbox.Examples.Api\Lockbox.Examples.Api.csproj", "{4B3BD553-1BE0-41D8-BEEA-A6DB84348D97}"
EndProject
Project("{FAE04EC0-301F-11D3-BF4B-00C04F79EFBC}") = "Lockbox.Examples.WebApp", "src\Lockbox.Examples.WebApp\Lockbox.Examples.WebApp.csproj", "{464FC35E-F176-4785-B499-26ED8C2FDFC9}"
EndProject
Project("{FAE04EC0-301F-11D3-BF4B-00C04F79EFBC}") = "Lockbox.Tests", "tests\Lockbox.Tests\Lockbox.Tests.csproj", "{6CDA7A87-4C7A-43F1-8973-56B34C2F26C1}"
EndProject
Global
	GlobalSection(SolutionConfigurationPlatforms) = preSolution
		Debug|Any CPU = Debug|Any CPU
		Debug|x64 = Debug|x64
		Debug|x86 = Debug|x86
		Release|Any CPU = Release|Any CPU
		Release|x64 = Release|x64
		Release|x86 = Release|x86
	EndGlobalSection
	GlobalSection(SolutionProperties) = preSolution
		HideSolutionNode = FALSE
	EndGlobalSection
	GlobalSection(ProjectConfigurationPlatforms) = postSolution
		{C03022B5-838C-4796-9EB0-45F20161AD04}.Debug|Any CPU.ActiveCfg = Debug|Any CPU
		{C03022B5-838C-4796-9EB0-45F20161AD04}.Debug|Any CPU.Build.0 = Debug|Any CPU
		{C03022B5-838C-4796-9EB0-45F20161AD04}.Debug|x64.ActiveCfg = Debug|x64
		{C03022B5-838C-4796-9EB0-45F20161AD04}.Debug|x64.Build.0 = Debug|x64
		{C03022B5-838C-4796-9EB0-45F20161AD04}.Debug|x86.ActiveCfg = Debug|x86
		{C03022B5-838C-4796-9EB0-45F20161AD04}.Debug|x86.Build.0 = Debug|x86
		{C03022B5-838C-4796-9EB0-45F20161AD04}.Release|Any CPU.ActiveCfg = Release|Any CPU
		{C03022B5-838C-4796-9EB0-45F20161AD04}.Release|Any CPU.Build.0 = Release|Any CPU
		{C03022B5-838C-4796-9EB0-45F20161AD04}.Release|x64.ActiveCfg = Release|x64
		{C03022B5-838C-4796-9EB0-45F20161AD04}.Release|x64.Build.0 = Release|x64
		{C03022B5-838C-4796-9EB0-45F20161AD04}.Release|x86.ActiveCfg = Release|x86
		{C03022B5-838C-4796-9EB0-45F20161AD04}.Release|x86.Build.0 = Release|x86
		{4921C3B8-A4C1-4AC9-BB17-DFB223906738}.Debug|Any CPU.ActiveCfg = Debug|Any CPU
		{4921C3B8-A4C1-4AC9-BB17-DFB223906738}.Debug|Any CPU.Build.0 = Debug|Any CPU
		{4921C3B8-A4C1-4AC9-BB17-DFB223906738}.Debug|x64.ActiveCfg = Debug|x64
		{4921C3B8-A4C1-4AC9-BB17-DFB223906738}.Debug|x64.Build.0 = Debug|x64
		{4921C3B8-A4C1-4AC9-BB17-DFB223906738}.Debug|x86.ActiveCfg = Debug|x86
		{4921C3B8-A4C1-4AC9-BB17-DFB223906738}.Debug|x86.Build.0 = Debug|x86
		{4921C3B8-A4C1-4AC9-BB17-DFB223906738}.Release|Any CPU.ActiveCfg = Release|Any CPU
		{4921C3B8-A4C1-4AC9-BB17-DFB223906738}.Release|Any CPU.Build.0 = Release|Any CPU
		{4921C3B8-A4C1-4AC9-BB17-DFB223906738}.Release|x64.ActiveCfg = Release|x64
		{4921C3B8-A4C1-4AC9-BB17-DFB223906738}.Release|x64.Build.0 = Release|x64
		{4921C3B8-A4C1-4AC9-BB17-DFB223906738}.Release|x86.ActiveCfg = Release|x86
		{4921C3B8-A4C1-4AC9-BB17-DFB223906738}.Release|x86.Build.0 = Release|x86
		{4B3BD553-1BE0-41D8-BEEA-A6DB84348D97}.Debug|Any CPU.ActiveCfg = Debug|Any CPU
		{4B3BD553-1BE0-41D8-BEEA-A6DB84348D97}.Debug|Any CPU.Build.0 = Debug|Any CPU
		{4B3BD553-1BE0-41D8-BEEA-A6DB84348D97}.Debug|x64.ActiveCfg = Debug|x64
		{4B3BD553-1BE0-41D8-BEEA-A6DB84348D97}.Debug|x64.Build.0 = Debug|x64
		{4B3BD553-1BE0-41D8-BEEA-A6DB84348D97}.Debug|x86.ActiveCfg = Debug|x86
		{4B3BD553-1BE0-41D8-BEEA-A6DB84348D97}.Debug|x86.Build.0 = Debug|x86
		{4B3BD553-1BE0-41D8-BEEA-A6DB84348D97}.Release|Any CPU.ActiveCfg = Release|Any CPU
		{4B3BD553-1BE0-41D8-BEEA-A6DB84348D97}.Release|Any CPU.Build.0 = Release|Any CPU
		{4B3BD553-1BE0-41D8-BEEA-A6DB84348D97}.Release|x64.ActiveCfg = Release|x64
		{4B3BD553-1BE0-41D8-BEEA-A6DB84348D97}.Release|x64.Build.0 = Release|x64
		{4B3BD553-1BE0-41D8-BEEA-A6DB84348D97}.Release|x86.ActiveCfg = Release|x86
		{4B3BD553-1BE0-41D8-BEEA-A6DB84348D97}.Release|x86.Build.0 = Release|x86
		{464FC35E-F176-4785-B499-26ED8C2FDFC9}.Debug|Any CPU.ActiveCfg = Debug|Any CPU
		{464FC35E-F176-4785-B499-26ED8C2FDFC9}.Debug|Any CPU.Build.0 = Debug|Any CPU
		{464FC35E-F176-4785-B499-26ED8C2FDFC9}.Debug|x64.ActiveCfg = Debug|x64
		{464FC35E-F176-4785-B499-26ED8C2FDFC9}.Debug|x64.Build.0 = Debug|x64
		{464FC35E-F176-4785-B499-26ED8C2FDFC9}.Debug|x86.ActiveCfg = Debug|x86
		{464FC35E-F176-4785-B499-26ED8C2FDFC9}.Debug|x86.Build.0 = Debug|x86
		{464FC35E-F176-4785-B499-26ED8C2FDFC9}.Release|Any CPU.ActiveCfg = Release|Any CPU
		{464FC35E-F176-4785-B499-26ED8C2FDFC9}.Release|Any CPU.Build.0 = Release|Any CPU
		{464FC35E-F176-4785-B499-26ED8C2FDFC9}.Release|x64.ActiveCfg = Release|x64
		{464FC35E-F176-4785-B499-26ED8C2FDFC9}.Release|x64.Build.0 = Release|x64
		{464FC35E-F176-4785-B499-26ED8C2FDFC9}.Release|x86.ActiveCfg = Release|x86
		{464FC35E-F176-4785-B499-26ED8C2FDFC9}.Release|x86.Build.0 = Release|x86
		{6CDA7A87-4C7A-43F1-8973-56B34C2F26C1}.Debug|Any CPU.ActiveCfg = Debug|Any CPU
		{6CDA7A87-4C7A-43F1-8973-56B34C2F26C1}.Debug|Any CPU.Build.0 = Debug|Any CPU
		{6CDA7A87-4C7A-43F1-8973-56B34C2F26C1}.Debug|x64.ActiveCfg = Debug|x64
		{6CDA7A87-4C7A-43F1-8973-56B34C2F26C1}.Debug|x64.Build.0 = Debug|x64
		{6CDA7A87-4C7A-43F1-8973-56B34C2F26C1}.Debug|x86.ActiveCfg = Debug|x86
		{6CDA7A87-4C7A-43F1-8973-56B34C2F26C1}.Debug|x86.Build.0 = Debug|x86
		{6CDA7A87-4C7A-43F1-8973-56B34C2F26C1}.Release|Any CPU.ActiveCfg = Release|Any CPU
		{6CDA7A87-4C7A-43F1-8973-56B34C2F26C1}.Release|Any CPU.Build.0 = Release|Any CPU
		{6CDA7A87-4C7A-43F1-8973-56B34C2F26C1}.Release|x64.ActiveCfg = Release|x64
		{6CDA7A87-4C7A-43F1-8973-56B34C2F26C1}.Release|x64.Build.0 = Release|x64
		{6CDA7A87-4C7A-43F1-8973-56B34C2F26C1}.Release|x86.ActiveCfg = Release|x86
		{6CDA7A87-4C7A-43F1-8973-56B34C2F26C1}.Release|x86.Build.0 = Release|x86
	EndGlobalSection
EndGlobal
